
Microsoft Visual Studio Solution File, Format Version 10.00
# Visual Studio 2008
Project("{FAE04EC0-301F-11D3-BF4B-00C04F79EFBC}") = "VistaBridgeDemoApp", "VistaBridgeDemoApp\VistaBridgeDemoApp.csproj", "{A204460D-EF59-4131-AA15-B5B7206333A0}"
EndProject
Project("{FAE04EC0-301F-11D3-BF4B-00C04F79EFBC}") = "VistaBridgeLibrary", "VistaBridgeLibrary\VistaBridgeLibrary.csproj", "{CE304F35-FABF-4A24-AC48-5710670A82BE}"
EndProject
Project("{FAE04EC0-301F-11D3-BF4B-00C04F79EFBC}") = "VistaBridgeControls", "VistaBridgeControls\VistaBridgeControls.csproj", "{37CEC0ED-5919-4926-AE33-55C5227C92FB}"
EndProject
Global
	GlobalSection(SolutionConfigurationPlatforms) = preSolution
		Debug|Any CPU = Debug|Any CPU
		Debug|x64 = Debug|x64
		Release|Any CPU = Release|Any CPU
		Release|x64 = Release|x64
	EndGlobalSection
	GlobalSection(ProjectConfigurationPlatforms) = postSolution
		{A204460D-EF59-4131-AA15-B5B7206333A0}.Debug|Any CPU.ActiveCfg = Debug|Any CPU
		{A204460D-EF59-4131-AA15-B5B7206333A0}.Debug|Any CPU.Build.0 = Debug|Any CPU
		{A204460D-EF59-4131-AA15-B5B7206333A0}.Debug|x64.ActiveCfg = Debug|x64
		{A204460D-EF59-4131-AA15-B5B7206333A0}.Debug|x64.Build.0 = Debug|x64
		{A204460D-EF59-4131-AA15-B5B7206333A0}.Release|Any CPU.ActiveCfg = Release|Any CPU
		{A204460D-EF59-4131-AA15-B5B7206333A0}.Release|Any CPU.Build.0 = Release|Any CPU
		{A204460D-EF59-4131-AA15-B5B7206333A0}.Release|x64.ActiveCfg = Release|x64
		{A204460D-EF59-4131-AA15-B5B7206333A0}.Release|x64.Build.0 = Release|x64
		{CE304F35-FABF-4A24-AC48-5710670A82BE}.Debug|Any CPU.ActiveCfg = Debug|Any CPU
		{CE304F35-FABF-4A24-AC48-5710670A82BE}.Debug|Any CPU.Build.0 = Debug|Any CPU
		{CE304F35-FABF-4A24-AC48-5710670A82BE}.Debug|x64.ActiveCfg = Debug|x64
		{CE304F35-FABF-4A24-AC48-5710670A82BE}.Debug|x64.Build.0 = Debug|x64
		{CE304F35-FABF-4A24-AC48-5710670A82BE}.Release|Any CPU.ActiveCfg = Release|Any CPU
		{CE304F35-FABF-4A24-AC48-5710670A82BE}.Release|Any CPU.Build.0 = Release|Any CPU
		{CE304F35-FABF-4A24-AC48-5710670A82BE}.Release|x64.ActiveCfg = Release|x64
		{CE304F35-FABF-4A24-AC48-5710670A82BE}.Release|x64.Build.0 = Release|x64
		{37CEC0ED-5919-4926-AE33-55C5227C92FB}.Debug|Any CPU.ActiveCfg = Debug|Any CPU
		{37CEC0ED-5919-4926-AE33-55C5227C92FB}.Debug|Any CPU.Build.0 = Debug|Any CPU
		{37CEC0ED-5919-4926-AE33-55C5227C92FB}.Debug|x64.ActiveCfg = Debug|Any CPU
		{37CEC0ED-5919-4926-AE33-55C5227C92FB}.Release|Any CPU.ActiveCfg = Release|Any CPU
		{37CEC0ED-5919-4926-AE33-55C5227C92FB}.Release|Any CPU.Build.0 = Release|Any CPU
		{37CEC0ED-5919-4926-AE33-55C5227C92FB}.Release|x64.ActiveCfg = Release|Any CPU
	EndGlobalSection
	GlobalSection(SolutionProperties) = preSolution
		HideSolutionNode = FALSE
	EndGlobalSection
EndGlobal
